
Microsoft Visual Studio Solution File, Format Version 12.00
# Visual Studio Version 16
VisualStudioVersion = 16.0.31410.357
MinimumVisualStudioVersion = 10.0.40219.1
Project("{8BC9CEB8-8B4A-11D0-8D11-00A0C91BC942}") = "Inheritance", "Inheritance\Inheritance.vcxproj", "{CE6E98AF-056C-4458-BAF3-F63DD099ACFB}"
EndProject
Project("{8BC9CEB8-8B4A-11D0-8D11-00A0C91BC942}") = "Academy", "Academy\Academy.vcxproj", "{81919757-7196-48F3-AB98-AC5F46259C65}"
EndProject
Global
	GlobalSection(SolutionConfigurationPlatforms) = preSolution
		Debug|x64 = Debug|x64
		Debug|x86 = Debug|x86
		Release|x64 = Release|x64
		Release|x86 = Release|x86
	EndGlobalSection
	GlobalSection(ProjectConfigurationPlatforms) = postSolution
		{CE6E98AF-056C-4458-BAF3-F63DD099ACFB}.Debug|x64.ActiveCfg = Debug|x64
		{CE6E98AF-056C-4458-BAF3-F63DD099ACFB}.Debug|x64.Build.0 = Debug|x64
		{CE6E98AF-056C-4458-BAF3-F63DD099ACFB}.Debug|x86.ActiveCfg = Debug|Win32
		{CE6E98AF-056C-4458-BAF3-F63DD099ACFB}.Debug|x86.Build.0 = Debug|Win32
		{CE6E98AF-056C-4458-BAF3-F63DD099ACFB}.Release|x64.ActiveCfg = Release|x64
		{CE6E98AF-056C-4458-BAF3-F63DD099ACFB}.Release|x64.Build.0 = Release|x64
		{CE6E98AF-056C-4458-BAF3-F63DD099ACFB}.Release|x86.ActiveCfg = Release|Win32
		{CE6E98AF-056C-4458-BAF3-F63DD099ACFB}.Release|x86.Build.0 = Release|Win32
		{81919757-7196-48F3-AB98-AC5F46259C65}.Debug|x64.ActiveCfg = Debug|x64
		{81919757-7196-48F3-AB98-AC5F46259C65}.Debug|x64.Build.0 = Debug|x64
		{81919757-7196-48F3-AB98-AC5F46259C65}.Debug|x86.ActiveCfg = Debug|Win32
		{81919757-7196-48F3-AB98-AC5F46259C65}.Debug|x86.Build.0 = Debug|Win32
		{81919757-7196-48F3-AB98-AC5F46259C65}.Release|x64.ActiveCfg = Release|x64
		{81919757-7196-48F3-AB98-AC5F46259C65}.Release|x64.Build.0 = Release|x64
		{81919757-7196-48F3-AB98-AC5F46259C65}.Release|x86.ActiveCfg = Release|Win32
		{81919757-7196-48F3-AB98-AC5F46259C65}.Release|x86.Build.0 = Release|Win32
	EndGlobalSection
	GlobalSection(SolutionProperties) = preSolution
		HideSolutionNode = FALSE
	EndGlobalSection
	GlobalSection(ExtensibilityGlobals) = postSolution
		SolutionGuid = {F860E3C2-E12F-4A7E-89B9-8CA45E3F5CC4}
	EndGlobalSection
EndGlobal
